
Microsoft Visual Studio Solution File, Format Version 12.00
# Visual Studio Version 17
VisualStudioVersion = 17.11.35222.181
MinimumVisualStudioVersion = 10.0.40219.1
Project("{FAE04EC0-301F-11D3-BF4B-00C04F79EFBC}") = "Garage 1.0", "Garage 1.0\Garage 1.0.csproj", "{1EEA1093-0C4F-4267-80A2-B9D3AD47FCB7}"
EndProject
Global
	GlobalSection(SolutionConfigurationPlatforms) = preSolution
		Debug|Any CPU = Debug|Any CPU
		Release|Any CPU = Release|Any CPU
	EndGlobalSection
	GlobalSection(ProjectConfigurationPlatforms) = postSolution
		{1EEA1093-0C4F-4267-80A2-B9D3AD47FCB7}.Debug|Any CPU.ActiveCfg = Debug|Any CPU
		{1EEA1093-0C4F-4267-80A2-B9D3AD47FCB7}.Debug|Any CPU.Build.0 = Debug|Any CPU
		{1EEA1093-0C4F-4267-80A2-B9D3AD47FCB7}.Release|Any CPU.ActiveCfg = Release|Any CPU
		{1EEA1093-0C4F-4267-80A2-B9D3AD47FCB7}.Release|Any CPU.Build.0 = Release|Any CPU
	EndGlobalSection
	GlobalSection(SolutionProperties) = preSolution
		HideSolutionNode = FALSE
	EndGlobalSection
	GlobalSection(ExtensibilityGlobals) = postSolution
		SolutionGuid = {442B7FAB-84EF-4211-A410-612B35968818}
	EndGlobalSection
EndGlobal
